
Microsoft Visual Studio Solution File, Format Version 12.00
# Visual Studio Version 16
VisualStudioVersion = 16.0.31129.286
MinimumVisualStudioVersion = 10.0.40219.1
Project("{FAE04EC0-301F-11D3-BF4B-00C04F79EFBC}") = "TestApp", "TestApp\TestApp.csproj", "{4927C40D-F40A-413F-A294-D40507CC9B87}"
EndProject
Global
	GlobalSection(SolutionConfigurationPlatforms) = preSolution
		Debug|Any CPU = Debug|Any CPU
		Release|Any CPU = Release|Any CPU
	EndGlobalSection
	GlobalSection(ProjectConfigurationPlatforms) = postSolution
		{4927C40D-F40A-413F-A294-D40507CC9B87}.Debug|Any CPU.ActiveCfg = Debug|Any CPU
		{4927C40D-F40A-413F-A294-D40507CC9B87}.Debug|Any CPU.Build.0 = Debug|Any CPU
		{4927C40D-F40A-413F-A294-D40507CC9B87}.Release|Any CPU.ActiveCfg = Release|Any CPU
		{4927C40D-F40A-413F-A294-D40507CC9B87}.Release|Any CPU.Build.0 = Release|Any CPU
	EndGlobalSection
	GlobalSection(SolutionProperties) = preSolution
		HideSolutionNode = FALSE
	EndGlobalSection
	GlobalSection(ExtensibilityGlobals) = postSolution
		SolutionGuid = {62895DB3-5577-40AF-8304-38D02B81835D}
	EndGlobalSection
EndGlobal
